
Microsoft Visual Studio Solution File, Format Version 12.00
# Visual Studio 15
VisualStudioVersion = 15.0.28010.2050
MinimumVisualStudioVersion = 10.0.40219.1
Project("{FAE04EC0-301F-11D3-BF4B-00C04F79EFBC}") = "MikuReader", "legacy\MikuReader\MikuReader.csproj", "{EAC3C344-71E1-4074-8010-F09D0DAECC0C}"
EndProject
Project("{54435603-DBB4-11D2-8724-00A0C9A8B90C}") = "MikuReaderSetup", "legacy\MikuReaderSetup\MikuReaderSetup.vdproj", "{5A2F2342-2067-4594-BA11-2AE38DD1090F}"
EndProject
Project("{FAE04EC0-301F-11D3-BF4B-00C04F79EFBC}") = "MikuReader-WF", "MikuReader-WF\MikuReader-WF.csproj", "{26B416C9-0C3A-48F5-AB77-1A5552B4275D}"
EndProject
Project("{2150E333-8FDC-42A3-9474-1A3956D46DE8}") = "legacy", "legacy", "{D163CAFA-8F4A-459A-9C51-CF0DCE189594}"
EndProject
Project("{2150E333-8FDC-42A3-9474-1A3956D46DE8}") = "rewrite", "rewrite", "{018779D8-8CF7-4A99-BF28-CF823523A944}"
EndProject
Project("{FAE04EC0-301F-11D3-BF4B-00C04F79EFBC}") = "MikuReader.Mobile.Android", "MikuReader.Mobile\MikuReader.Mobile.Android\MikuReader.Mobile.Android.csproj", "{7DD00572-D662-4E61-AF08-F9FFDED3919A}"
	ProjectSection(ProjectDependencies) = postProject
		{394E1632-7CD7-4817-9B92-04237AB9DD38} = {394E1632-7CD7-4817-9B92-04237AB9DD38}
	EndProjectSection
EndProject
Project("{FAE04EC0-301F-11D3-BF4B-00C04F79EFBC}") = "MikuReader.Mobile.iOS", "MikuReader.Mobile\MikuReader.Mobile.iOS\MikuReader.Mobile.iOS.csproj", "{5AF11594-811E-4872-BD53-BF9651B4F1C0}"
	ProjectSection(ProjectDependencies) = postProject
		{394E1632-7CD7-4817-9B92-04237AB9DD38} = {394E1632-7CD7-4817-9B92-04237AB9DD38}
	EndProjectSection
EndProject
Project("{9A19103F-16F7-4668-BE54-9A1E7A4F7556}") = "MikuReader.Mobile", "MikuReader.Mobile\MikuReader.Mobile\MikuReader.Mobile.csproj", "{95A4909B-25E9-4CFD-9135-220A3B620164}"
	ProjectSection(ProjectDependencies) = postProject
		{394E1632-7CD7-4817-9B92-04237AB9DD38} = {394E1632-7CD7-4817-9B92-04237AB9DD38}
	EndProjectSection
EndProject
Project("{2150E333-8FDC-42A3-9474-1A3956D46DE8}") = "Clients", "Clients", "{9022567E-A640-418D-9BDF-A0273DA375AF}"
EndProject
Project("{9A19103F-16F7-4668-BE54-9A1E7A4F7556}") = "MikuReader-Core", "MikuReader-Core\MikuReader-Core.csproj", "{394E1632-7CD7-4817-9B92-04237AB9DD38}"
EndProject
Global
	GlobalSection(SolutionConfigurationPlatforms) = preSolution
		Ad-Hoc|Any CPU = Ad-Hoc|Any CPU
		Ad-Hoc|iPhone = Ad-Hoc|iPhone
		Ad-Hoc|iPhoneSimulator = Ad-Hoc|iPhoneSimulator
		Ad-Hoc|x64 = Ad-Hoc|x64
		Ad-Hoc|x86 = Ad-Hoc|x86
		AppStore|Any CPU = AppStore|Any CPU
		AppStore|iPhone = AppStore|iPhone
		AppStore|iPhoneSimulator = AppStore|iPhoneSimulator
		AppStore|x64 = AppStore|x64
		AppStore|x86 = AppStore|x86
		Debug|Any CPU = Debug|Any CPU
		Debug|iPhone = Debug|iPhone
		Debug|iPhoneSimulator = Debug|iPhoneSimulator
		Debug|x64 = Debug|x64
		Debug|x86 = Debug|x86
		Release|Any CPU = Release|Any CPU
		Release|iPhone = Release|iPhone
		Release|iPhoneSimulator = Release|iPhoneSimulator
		Release|x64 = Release|x64
		Release|x86 = Release|x86
	EndGlobalSection
	GlobalSection(ProjectConfigurationPlatforms) = postSolution
		{EAC3C344-71E1-4074-8010-F09D0DAECC0C}.Ad-Hoc|Any CPU.ActiveCfg = Release|Any CPU
		{EAC3C344-71E1-4074-8010-F09D0DAECC0C}.Ad-Hoc|Any CPU.Build.0 = Release|Any CPU
		{EAC3C344-71E1-4074-8010-F09D0DAECC0C}.Ad-Hoc|iPhone.ActiveCfg = Release|Any CPU
		{EAC3C344-71E1-4074-8010-F09D0DAECC0C}.Ad-Hoc|iPhone.Build.0 = Release|Any CPU
		{EAC3C344-71E1-4074-8010-F09D0DAECC0C}.Ad-Hoc|iPhoneSimulator.ActiveCfg = Release|Any CPU
		{EAC3C344-71E1-4074-8010-F09D0DAECC0C}.Ad-Hoc|iPhoneSimulator.Build.0 = Release|Any CPU
		{EAC3C344-71E1-4074-8010-F09D0DAECC0C}.Ad-Hoc|x64.ActiveCfg = Release|x64
		{EAC3C344-71E1-4074-8010-F09D0DAECC0C}.Ad-Hoc|x64.Build.0 = Release|x64
		{EAC3C344-71E1-4074-8010-F09D0DAECC0C}.Ad-Hoc|x86.ActiveCfg = Release|x86
		{EAC3C344-71E1-4074-8010-F09D0DAECC0C}.Ad-Hoc|x86.Build.0 = Release|x86
		{EAC3C344-71E1-4074-8010-F09D0DAECC0C}.AppStore|Any CPU.ActiveCfg = Release|Any CPU
		{EAC3C344-71E1-4074-8010-F09D0DAECC0C}.AppStore|Any CPU.Build.0 = Release|Any CPU
		{EAC3C344-71E1-4074-8010-F09D0DAECC0C}.AppStore|iPhone.ActiveCfg = Release|Any CPU
		{EAC3C344-71E1-4074-8010-F09D0DAECC0C}.AppStore|iPhone.Build.0 = Release|Any CPU
		{EAC3C344-71E1-4074-8010-F09D0DAECC0C}.AppStore|iPhoneSimulator.ActiveCfg = Release|Any CPU
		{EAC3C344-71E1-4074-8010-F09D0DAECC0C}.AppStore|iPhoneSimulator.Build.0 = Release|Any CPU
		{EAC3C344-71E1-4074-8010-F09D0DAECC0C}.AppStore|x64.ActiveCfg = Release|x64
		{EAC3C344-71E1-4074-8010-F09D0DAECC0C}.AppStore|x64.Build.0 = Release|x64
		{EAC3C344-71E1-4074-8010-F09D0DAECC0C}.AppStore|x86.ActiveCfg = Release|x86
		{EAC3C344-71E1-4074-8010-F09D0DAECC0C}.AppStore|x86.Build.0 = Release|x86
		{EAC3C344-71E1-4074-8010-F09D0DAECC0C}.Debug|Any CPU.ActiveCfg = Debug|Any CPU
		{EAC3C344-71E1-4074-8010-F09D0DAECC0C}.Debug|Any CPU.Build.0 = Debug|Any CPU
		{EAC3C344-71E1-4074-8010-F09D0DAECC0C}.Debug|iPhone.ActiveCfg = Debug|Any CPU
		{EAC3C344-71E1-4074-8010-F09D0DAECC0C}.Debug|iPhone.Build.0 = Debug|Any CPU
		{EAC3C344-71E1-4074-8010-F09D0DAECC0C}.Debug|iPhoneSimulator.ActiveCfg = Debug|Any CPU
		{EAC3C344-71E1-4074-8010-F09D0DAECC0C}.Debug|iPhoneSimulator.Build.0 = Debug|Any CPU
		{EAC3C344-71E1-4074-8010-F09D0DAECC0C}.Debug|x64.ActiveCfg = Debug|x64
		{EAC3C344-71E1-4074-8010-F09D0DAECC0C}.Debug|x64.Build.0 = Debug|x64
		{EAC3C344-71E1-4074-8010-F09D0DAECC0C}.Debug|x86.ActiveCfg = Debug|x86
		{EAC3C344-71E1-4074-8010-F09D0DAECC0C}.Debug|x86.Build.0 = Debug|x86
		{EAC3C344-71E1-4074-8010-F09D0DAECC0C}.Release|Any CPU.ActiveCfg = Release|Any CPU
		{EAC3C344-71E1-4074-8010-F09D0DAECC0C}.Release|Any CPU.Build.0 = Release|Any CPU
		{EAC3C344-71E1-4074-8010-F09D0DAECC0C}.Release|iPhone.ActiveCfg = Release|Any CPU
		{EAC3C344-71E1-4074-8010-F09D0DAECC0C}.Release|iPhone.Build.0 = Release|Any CPU
		{EAC3C344-71E1-4074-8010-F09D0DAECC0C}.Release|iPhoneSimulator.ActiveCfg = Release|Any CPU
		{EAC3C344-71E1-4074-8010-F09D0DAECC0C}.Release|iPhoneSimulator.Build.0 = Release|Any CPU
		{EAC3C344-71E1-4074-8010-F09D0DAECC0C}.Release|x64.ActiveCfg = Release|x64
		{EAC3C344-71E1-4074-8010-F09D0DAECC0C}.Release|x64.Build.0 = Release|x64
		{EAC3C344-71E1-4074-8010-F09D0DAECC0C}.Release|x86.ActiveCfg = Release|x86
		{EAC3C344-71E1-4074-8010-F09D0DAECC0C}.Release|x86.Build.0 = Release|x86
		{5A2F2342-2067-4594-BA11-2AE38DD1090F}.Ad-Hoc|Any CPU.ActiveCfg = Release
		{5A2F2342-2067-4594-BA11-2AE38DD1090F}.Ad-Hoc|Any CPU.Build.0 = Release
		{5A2F2342-2067-4594-BA11-2AE38DD1090F}.Ad-Hoc|iPhone.ActiveCfg = Release
		{5A2F2342-2067-4594-BA11-2AE38DD1090F}.Ad-Hoc|iPhone.Build.0 = Release
		{5A2F2342-2067-4594-BA11-2AE38DD1090F}.Ad-Hoc|iPhoneSimulator.ActiveCfg = Release
		{5A2F2342-2067-4594-BA11-2AE38DD1090F}.Ad-Hoc|iPhoneSimulator.Build.0 = Release
		{5A2F2342-2067-4594-BA11-2AE38DD1090F}.Ad-Hoc|x64.ActiveCfg = Release
		{5A2F2342-2067-4594-BA11-2AE38DD1090F}.Ad-Hoc|x64.Build.0 = Release
		{5A2F2342-2067-4594-BA11-2AE38DD1090F}.Ad-Hoc|x86.ActiveCfg = Release
		{5A2F2342-2067-4594-BA11-2AE38DD1090F}.Ad-Hoc|x86.Build.0 = Release
		{5A2F2342-2067-4594-BA11-2AE38DD1090F}.AppStore|Any CPU.ActiveCfg = Release
		{5A2F2342-2067-4594-BA11-2AE38DD1090F}.AppStore|Any CPU.Build.0 = Release
		{5A2F2342-2067-4594-BA11-2AE38DD1090F}.AppStore|iPhone.ActiveCfg = Release
		{5A2F2342-2067-4594-BA11-2AE38DD1090F}.AppStore|iPhone.Build.0 = Release
		{5A2F2342-2067-4594-BA11-2AE38DD1090F}.AppStore|iPhoneSimulator.ActiveCfg = Release
		{5A2F2342-2067-4594-BA11-2AE38DD1090F}.AppStore|iPhoneSimulator.Build.0 = Release
		{5A2F2342-2067-4594-BA11-2AE38DD1090F}.AppStore|x64.ActiveCfg = Release
		{5A2F2342-2067-4594-BA11-2AE38DD1090F}.AppStore|x64.Build.0 = Release
		{5A2F2342-2067-4594-BA11-2AE38DD1090F}.AppStore|x86.ActiveCfg = Release
		{5A2F2342-2067-4594-BA11-2AE38DD1090F}.AppStore|x86.Build.0 = Release
		{5A2F2342-2067-4594-BA11-2AE38DD1090F}.Debug|Any CPU.ActiveCfg = Debug
		{5A2F2342-2067-4594-BA11-2AE38DD1090F}.Debug|iPhone.ActiveCfg = Debug
		{5A2F2342-2067-4594-BA11-2AE38DD1090F}.Debug|iPhone.Build.0 = Debug
		{5A2F2342-2067-4594-BA11-2AE38DD1090F}.Debug|iPhoneSimulator.ActiveCfg = Debug
		{5A2F2342-2067-4594-BA11-2AE38DD1090F}.Debug|iPhoneSimulator.Build.0 = Debug
		{5A2F2342-2067-4594-BA11-2AE38DD1090F}.Debug|x64.ActiveCfg = Debug
		{5A2F2342-2067-4594-BA11-2AE38DD1090F}.Debug|x86.ActiveCfg = Debug
		{5A2F2342-2067-4594-BA11-2AE38DD1090F}.Release|Any CPU.ActiveCfg = Release
		{5A2F2342-2067-4594-BA11-2AE38DD1090F}.Release|iPhone.ActiveCfg = Release
		{5A2F2342-2067-4594-BA11-2AE38DD1090F}.Release|iPhone.Build.0 = Release
		{5A2F2342-2067-4594-BA11-2AE38DD1090F}.Release|iPhoneSimulator.ActiveCfg = Release
		{5A2F2342-2067-4594-BA11-2AE38DD1090F}.Release|iPhoneSimulator.Build.0 = Release
		{5A2F2342-2067-4594-BA11-2AE38DD1090F}.Release|x64.ActiveCfg = Release
		{5A2F2342-2067-4594-BA11-2AE38DD1090F}.Release|x86.ActiveCfg = Release
		{26B416C9-0C3A-48F5-AB77-1A5552B4275D}.Ad-Hoc|Any CPU.ActiveCfg = Release|Any CPU
		{26B416C9-0C3A-48F5-AB77-1A5552B4275D}.Ad-Hoc|Any CPU.Build.0 = Release|Any CPU
		{26B416C9-0C3A-48F5-AB77-1A5552B4275D}.Ad-Hoc|iPhone.ActiveCfg = Release|Any CPU
		{26B416C9-0C3A-48F5-AB77-1A5552B4275D}.Ad-Hoc|iPhone.Build.0 = Release|Any CPU
		{26B416C9-0C3A-48F5-AB77-1A5552B4275D}.Ad-Hoc|iPhoneSimulator.ActiveCfg = Release|Any CPU
		{26B416C9-0C3A-48F5-AB77-1A5552B4275D}.Ad-Hoc|iPhoneSimulator.Build.0 = Release|Any CPU
		{26B416C9-0C3A-48F5-AB77-1A5552B4275D}.Ad-Hoc|x64.ActiveCfg = Release|Any CPU
		{26B416C9-0C3A-48F5-AB77-1A5552B4275D}.Ad-Hoc|x64.Build.0 = Release|Any CPU
		{26B416C9-0C3A-48F5-AB77-1A5552B4275D}.Ad-Hoc|x86.ActiveCfg = Release|Any CPU
		{26B416C9-0C3A-48F5-AB77-1A5552B4275D}.Ad-Hoc|x86.Build.0 = Release|Any CPU
		{26B416C9-0C3A-48F5-AB77-1A5552B4275D}.AppStore|Any CPU.ActiveCfg = Release|Any CPU
		{26B416C9-0C3A-48F5-AB77-1A5552B4275D}.AppStore|Any CPU.Build.0 = Release|Any CPU
		{26B416C9-0C3A-48F5-AB77-1A5552B4275D}.AppStore|iPhone.ActiveCfg = Release|Any CPU
		{26B416C9-0C3A-48F5-AB77-1A5552B4275D}.AppStore|iPhone.Build.0 = Release|Any CPU
		{26B416C9-0C3A-48F5-AB77-1A5552B4275D}.AppStore|iPhoneSimulator.ActiveCfg = Release|Any CPU
		{26B416C9-0C3A-48F5-AB77-1A5552B4275D}.AppStore|iPhoneSimulator.Build.0 = Release|Any CPU
		{26B416C9-0C3A-48F5-AB77-1A5552B4275D}.AppStore|x64.ActiveCfg = Release|Any CPU
		{26B416C9-0C3A-48F5-AB77-1A5552B4275D}.AppStore|x64.Build.0 = Release|Any CPU
		{26B416C9-0C3A-48F5-AB77-1A5552B4275D}.AppStore|x86.ActiveCfg = Release|Any CPU
		{26B416C9-0C3A-48F5-AB77-1A5552B4275D}.AppStore|x86.Build.0 = Release|Any CPU
		{26B416C9-0C3A-48F5-AB77-1A5552B4275D}.Debug|Any CPU.ActiveCfg = Debug|Any CPU
		{26B416C9-0C3A-48F5-AB77-1A5552B4275D}.Debug|Any CPU.Build.0 = Debug|Any CPU
		{26B416C9-0C3A-48F5-AB77-1A5552B4275D}.Debug|iPhone.ActiveCfg = Debug|Any CPU
		{26B416C9-0C3A-48F5-AB77-1A5552B4275D}.Debug|iPhone.Build.0 = Debug|Any CPU
		{26B416C9-0C3A-48F5-AB77-1A5552B4275D}.Debug|iPhoneSimulator.ActiveCfg = Debug|Any CPU
		{26B416C9-0C3A-48F5-AB77-1A5552B4275D}.Debug|iPhoneSimulator.Build.0 = Debug|Any CPU
		{26B416C9-0C3A-48F5-AB77-1A5552B4275D}.Debug|x64.ActiveCfg = Debug|Any CPU
		{26B416C9-0C3A-48F5-AB77-1A5552B4275D}.Debug|x64.Build.0 = Debug|Any CPU
		{26B416C9-0C3A-48F5-AB77-1A5552B4275D}.Debug|x86.ActiveCfg = Debug|Any CPU
		{26B416C9-0C3A-48F5-AB77-1A5552B4275D}.Debug|x86.Build.0 = Debug|Any CPU
		{26B416C9-0C3A-48F5-AB77-1A5552B4275D}.Release|Any CPU.ActiveCfg = Release|Any CPU
		{26B416C9-0C3A-48F5-AB77-1A5552B4275D}.Release|Any CPU.Build.0 = Release|Any CPU
		{26B416C9-0C3A-48F5-AB77-1A5552B4275D}.Release|iPhone.ActiveCfg = Release|Any CPU
		{26B416C9-0C3A-48F5-AB77-1A5552B4275D}.Release|iPhone.Build.0 = Release|Any CPU
		{26B416C9-0C3A-48F5-AB77-1A5552B4275D}.Release|iPhoneSimulator.ActiveCfg = Release|Any CPU
		{26B416C9-0C3A-48F5-AB77-1A5552B4275D}.Release|iPhoneSimulator.Build.0 = Release|Any CPU
		{26B416C9-0C3A-48F5-AB77-1A5552B4275D}.Release|x64.ActiveCfg = Release|Any CPU
		{26B416C9-0C3A-48F5-AB77-1A5552B4275D}.Release|x64.Build.0 = Release|Any CPU
		{26B416C9-0C3A-48F5-AB77-1A5552B4275D}.Release|x86.ActiveCfg = Release|Any CPU
		{26B416C9-0C3A-48F5-AB77-1A5552B4275D}.Release|x86.Build.0 = Release|Any CPU
		{7DD00572-D662-4E61-AF08-F9FFDED3919A}.Ad-Hoc|Any CPU.ActiveCfg = Release|Any CPU
		{7DD00572-D662-4E61-AF08-F9FFDED3919A}.Ad-Hoc|Any CPU.Build.0 = Release|Any CPU
		{7DD00572-D662-4E61-AF08-F9FFDED3919A}.Ad-Hoc|Any CPU.Deploy.0 = Release|Any CPU
		{7DD00572-D662-4E61-AF08-F9FFDED3919A}.Ad-Hoc|iPhone.ActiveCfg = Release|Any CPU
		{7DD00572-D662-4E61-AF08-F9FFDED3919A}.Ad-Hoc|iPhone.Build.0 = Release|Any CPU
		{7DD00572-D662-4E61-AF08-F9FFDED3919A}.Ad-Hoc|iPhone.Deploy.0 = Release|Any CPU
		{7DD00572-D662-4E61-AF08-F9FFDED3919A}.Ad-Hoc|iPhoneSimulator.ActiveCfg = Release|Any CPU
		{7DD00572-D662-4E61-AF08-F9FFDED3919A}.Ad-Hoc|iPhoneSimulator.Build.0 = Release|Any CPU
		{7DD00572-D662-4E61-AF08-F9FFDED3919A}.Ad-Hoc|iPhoneSimulator.Deploy.0 = Release|Any CPU
		{7DD00572-D662-4E61-AF08-F9FFDED3919A}.Ad-Hoc|x64.ActiveCfg = Release|Any CPU
		{7DD00572-D662-4E61-AF08-F9FFDED3919A}.Ad-Hoc|x64.Build.0 = Release|Any CPU
		{7DD00572-D662-4E61-AF08-F9FFDED3919A}.Ad-Hoc|x64.Deploy.0 = Release|Any CPU
		{7DD00572-D662-4E61-AF08-F9FFDED3919A}.Ad-Hoc|x86.ActiveCfg = Release|Any CPU
		{7DD00572-D662-4E61-AF08-F9FFDED3919A}.Ad-Hoc|x86.Build.0 = Release|Any CPU
		{7DD00572-D662-4E61-AF08-F9FFDED3919A}.Ad-Hoc|x86.Deploy.0 = Release|Any CPU
		{7DD00572-D662-4E61-AF08-F9FFDED3919A}.AppStore|Any CPU.ActiveCfg = Release|Any CPU
		{7DD00572-D662-4E61-AF08-F9FFDED3919A}.AppStore|Any CPU.Build.0 = Release|Any CPU
		{7DD00572-D662-4E61-AF08-F9FFDED3919A}.AppStore|Any CPU.Deploy.0 = Release|Any CPU
		{7DD00572-D662-4E61-AF08-F9FFDED3919A}.AppStore|iPhone.ActiveCfg = Release|Any CPU
		{7DD00572-D662-4E61-AF08-F9FFDED3919A}.AppStore|iPhone.Build.0 = Release|Any CPU
		{7DD00572-D662-4E61-AF08-F9FFDED3919A}.AppStore|iPhone.Deploy.0 = Release|Any CPU
		{7DD00572-D662-4E61-AF08-F9FFDED3919A}.AppStore|iPhoneSimulator.ActiveCfg = Release|Any CPU
		{7DD00572-D662-4E61-AF08-F9FFDED3919A}.AppStore|iPhoneSimulator.Build.0 = Release|Any CPU
		{7DD00572-D662-4E61-AF08-F9FFDED3919A}.AppStore|iPhoneSimulator.Deploy.0 = Release|Any CPU
		{7DD00572-D662-4E61-AF08-F9FFDED3919A}.AppStore|x64.ActiveCfg = Release|Any CPU
		{7DD00572-D662-4E61-AF08-F9FFDED3919A}.AppStore|x64.Build.0 = Release|Any CPU
		{7DD00572-D662-4E61-AF08-F9FFDED3919A}.AppStore|x64.Deploy.0 = Release|Any CPU
		{7DD00572-D662-4E61-AF08-F9FFDED3919A}.AppStore|x86.ActiveCfg = Release|Any CPU
		{7DD00572-D662-4E61-AF08-F9FFDED3919A}.AppStore|x86.Build.0 = Release|Any CPU
		{7DD00572-D662-4E61-AF08-F9FFDED3919A}.AppStore|x86.Deploy.0 = Release|Any CPU
		{7DD00572-D662-4E61-AF08-F9FFDED3919A}.Debug|Any CPU.ActiveCfg = Debug|Any CPU
		{7DD00572-D662-4E61-AF08-F9FFDED3919A}.Debug|Any CPU.Build.0 = Debug|Any CPU
		{7DD00572-D662-4E61-AF08-F9FFDED3919A}.Debug|Any CPU.Deploy.0 = Debug|Any CPU
		{7DD00572-D662-4E61-AF08-F9FFDED3919A}.Debug|iPhone.ActiveCfg = Debug|Any CPU
		{7DD00572-D662-4E61-AF08-F9FFDED3919A}.Debug|iPhone.Build.0 = Debug|Any CPU
		{7DD00572-D662-4E61-AF08-F9FFDED3919A}.Debug|iPhone.Deploy.0 = Debug|Any CPU
		{7DD00572-D662-4E61-AF08-F9FFDED3919A}.Debug|iPhoneSimulator.ActiveCfg = Debug|Any CPU
		{7DD00572-D662-4E61-AF08-F9FFDED3919A}.Debug|iPhoneSimulator.Build.0 = Debug|Any CPU
		{7DD00572-D662-4E61-AF08-F9FFDED3919A}.Debug|iPhoneSimulator.Deploy.0 = Debug|Any CPU
		{7DD00572-D662-4E61-AF08-F9FFDED3919A}.Debug|x64.ActiveCfg = Debug|Any CPU
		{7DD00572-D662-4E61-AF08-F9FFDED3919A}.Debug|x64.Build.0 = Debug|Any CPU
		{7DD00572-D662-4E61-AF08-F9FFDED3919A}.Debug|x64.Deploy.0 = Debug|Any CPU
		{7DD00572-D662-4E61-AF08-F9FFDED3919A}.Debug|x86.ActiveCfg = Debug|Any CPU
		{7DD00572-D662-4E61-AF08-F9FFDED3919A}.Debug|x86.Build.0 = Debug|Any CPU
		{7DD00572-D662-4E61-AF08-F9FFDED3919A}.Debug|x86.Deploy.0 = Debug|Any CPU
		{7DD00572-D662-4E61-AF08-F9FFDED3919A}.Release|Any CPU.ActiveCfg = Release|Any CPU
		{7DD00572-D662-4E61-AF08-F9FFDED3919A}.Release|Any CPU.Build.0 = Release|Any CPU
		{7DD00572-D662-4E61-AF08-F9FFDED3919A}.Release|Any CPU.Deploy.0 = Release|Any CPU
		{7DD00572-D662-4E61-AF08-F9FFDED3919A}.Release|iPhone.ActiveCfg = Release|Any CPU
		{7DD00572-D662-4E61-AF08-F9FFDED3919A}.Release|iPhone.Build.0 = Release|Any CPU
		{7DD00572-D662-4E61-AF08-F9FFDED3919A}.Release|iPhone.Deploy.0 = Release|Any CPU
		{7DD00572-D662-4E61-AF08-F9FFDED3919A}.Release|iPhoneSimulator.ActiveCfg = Release|Any CPU
		{7DD00572-D662-4E61-AF08-F9FFDED3919A}.Release|iPhoneSimulator.Build.0 = Release|Any CPU
		{7DD00572-D662-4E61-AF08-F9FFDED3919A}.Release|iPhoneSimulator.Deploy.0 = Release|Any CPU
		{7DD00572-D662-4E61-AF08-F9FFDED3919A}.Release|x64.ActiveCfg = Release|Any CPU
		{7DD00572-D662-4E61-AF08-F9FFDED3919A}.Release|x64.Build.0 = Release|Any CPU
		{7DD00572-D662-4E61-AF08-F9FFDED3919A}.Release|x64.Deploy.0 = Release|Any CPU
		{7DD00572-D662-4E61-AF08-F9FFDED3919A}.Release|x86.ActiveCfg = Release|Any CPU
		{7DD00572-D662-4E61-AF08-F9FFDED3919A}.Release|x86.Build.0 = Release|Any CPU
		{7DD00572-D662-4E61-AF08-F9FFDED3919A}.Release|x86.Deploy.0 = Release|Any CPU
		{5AF11594-811E-4872-BD53-BF9651B4F1C0}.Ad-Hoc|Any CPU.ActiveCfg = Release|iPhone
		{5AF11594-811E-4872-BD53-BF9651B4F1C0}.Ad-Hoc|Any CPU.Build.0 = Release|iPhone
		{5AF11594-811E-4872-BD53-BF9651B4F1C0}.Ad-Hoc|iPhone.ActiveCfg = Release|iPhone
		{5AF11594-811E-4872-BD53-BF9651B4F1C0}.Ad-Hoc|iPhone.Build.0 = Release|iPhone
		{5AF11594-811E-4872-BD53-BF9651B4F1C0}.Ad-Hoc|iPhoneSimulator.ActiveCfg = Release|iPhoneSimulator
		{5AF11594-811E-4872-BD53-BF9651B4F1C0}.Ad-Hoc|iPhoneSimulator.Build.0 = Release|iPhoneSimulator
		{5AF11594-811E-4872-BD53-BF9651B4F1C0}.Ad-Hoc|x64.ActiveCfg = Release|iPhone
		{5AF11594-811E-4872-BD53-BF9651B4F1C0}.Ad-Hoc|x64.Build.0 = Release|iPhone
		{5AF11594-811E-4872-BD53-BF9651B4F1C0}.Ad-Hoc|x86.ActiveCfg = Release|iPhone
		{5AF11594-811E-4872-BD53-BF9651B4F1C0}.Ad-Hoc|x86.Build.0 = Release|iPhone
		{5AF11594-811E-4872-BD53-BF9651B4F1C0}.AppStore|Any CPU.ActiveCfg = Release|iPhone
		{5AF11594-811E-4872-BD53-BF9651B4F1C0}.AppStore|Any CPU.Build.0 = Release|iPhone
		{5AF11594-811E-4872-BD53-BF9651B4F1C0}.AppStore|iPhone.ActiveCfg = Release|iPhone
		{5AF11594-811E-4872-BD53-BF9651B4F1C0}.AppStore|iPhone.Build.0 = Release|iPhone
		{5AF11594-811E-4872-BD53-BF9651B4F1C0}.AppStore|iPhoneSimulator.ActiveCfg = Release|iPhoneSimulator
		{5AF11594-811E-4872-BD53-BF9651B4F1C0}.AppStore|iPhoneSimulator.Build.0 = Release|iPhoneSimulator
		{5AF11594-811E-4872-BD53-BF9651B4F1C0}.AppStore|x64.ActiveCfg = Release|iPhone
		{5AF11594-811E-4872-BD53-BF9651B4F1C0}.AppStore|x64.Build.0 = Release|iPhone
		{5AF11594-811E-4872-BD53-BF9651B4F1C0}.AppStore|x86.ActiveCfg = Release|iPhone
		{5AF11594-811E-4872-BD53-BF9651B4F1C0}.AppStore|x86.Build.0 = Release|iPhone
		{5AF11594-811E-4872-BD53-BF9651B4F1C0}.Debug|Any CPU.ActiveCfg = Debug|iPhone
		{5AF11594-811E-4872-BD53-BF9651B4F1C0}.Debug|iPhone.ActiveCfg = Debug|iPhone
		{5AF11594-811E-4872-BD53-BF9651B4F1C0}.Debug|iPhone.Build.0 = Debug|iPhone
		{5AF11594-811E-4872-BD53-BF9651B4F1C0}.Debug|iPhoneSimulator.ActiveCfg = Debug|iPhoneSimulator
		{5AF11594-811E-4872-BD53-BF9651B4F1C0}.Debug|iPhoneSimulator.Build.0 = Debug|iPhoneSimulator
		{5AF11594-811E-4872-BD53-BF9651B4F1C0}.Debug|x64.ActiveCfg = Debug|iPhone
		{5AF11594-811E-4872-BD53-BF9651B4F1C0}.Debug|x86.ActiveCfg = Debug|iPhone
		{5AF11594-811E-4872-BD53-BF9651B4F1C0}.Release|Any CPU.ActiveCfg = Release|iPhone
		{5AF11594-811E-4872-BD53-BF9651B4F1C0}.Release|iPhone.ActiveCfg = Release|iPhone
		{5AF11594-811E-4872-BD53-BF9651B4F1C0}.Release|iPhone.Build.0 = Release|iPhone
		{5AF11594-811E-4872-BD53-BF9651B4F1C0}.Release|iPhoneSimulator.ActiveCfg = Release|iPhoneSimulator
		{5AF11594-811E-4872-BD53-BF9651B4F1C0}.Release|iPhoneSimulator.Build.0 = Release|iPhoneSimulator
		{5AF11594-811E-4872-BD53-BF9651B4F1C0}.Release|x64.ActiveCfg = Release|iPhone
		{5AF11594-811E-4872-BD53-BF9651B4F1C0}.Release|x86.ActiveCfg = Release|iPhone
		{95A4909B-25E9-4CFD-9135-220A3B620164}.Ad-Hoc|Any CPU.ActiveCfg = Debug|Any CPU
		{95A4909B-25E9-4CFD-9135-220A3B620164}.Ad-Hoc|Any CPU.Build.0 = Debug|Any CPU
		{95A4909B-25E9-4CFD-9135-220A3B620164}.Ad-Hoc|iPhone.ActiveCfg = Debug|Any CPU
		{95A4909B-25E9-4CFD-9135-220A3B620164}.Ad-Hoc|iPhone.Build.0 = Debug|Any CPU
		{95A4909B-25E9-4CFD-9135-220A3B620164}.Ad-Hoc|iPhoneSimulator.ActiveCfg = Debug|Any CPU
		{95A4909B-25E9-4CFD-9135-220A3B620164}.Ad-Hoc|iPhoneSimulator.Build.0 = Debug|Any CPU
		{95A4909B-25E9-4CFD-9135-220A3B620164}.Ad-Hoc|x64.ActiveCfg = Debug|Any CPU
		{95A4909B-25E9-4CFD-9135-220A3B620164}.Ad-Hoc|x64.Build.0 = Debug|Any CPU
		{95A4909B-25E9-4CFD-9135-220A3B620164}.Ad-Hoc|x86.ActiveCfg = Debug|Any CPU
		{95A4909B-25E9-4CFD-9135-220A3B620164}.Ad-Hoc|x86.Build.0 = Debug|Any CPU
		{95A4909B-25E9-4CFD-9135-220A3B620164}.AppStore|Any CPU.ActiveCfg = Debug|Any CPU
		{95A4909B-25E9-4CFD-9135-220A3B620164}.AppStore|Any CPU.Build.0 = Debug|Any CPU
		{95A4909B-25E9-4CFD-9135-220A3B620164}.AppStore|iPhone.ActiveCfg = Debug|Any CPU
		{95A4909B-25E9-4CFD-9135-220A3B620164}.AppStore|iPhone.Build.0 = Debug|Any CPU
		{95A4909B-25E9-4CFD-9135-220A3B620164}.AppStore|iPhoneSimulator.ActiveCfg = Debug|Any CPU
		{95A4909B-25E9-4CFD-9135-220A3B620164}.AppStore|iPhoneSimulator.Build.0 = Debug|Any CPU
		{95A4909B-25E9-4CFD-9135-220A3B620164}.AppStore|x64.ActiveCfg = Debug|Any CPU
		{95A4909B-25E9-4CFD-9135-220A3B620164}.AppStore|x64.Build.0 = Debug|Any CPU
		{95A4909B-25E9-4CFD-9135-220A3B620164}.AppStore|x86.ActiveCfg = Debug|Any CPU
		{95A4909B-25E9-4CFD-9135-220A3B620164}.AppStore|x86.Build.0 = Debug|Any CPU
		{95A4909B-25E9-4CFD-9135-220A3B620164}.Debug|Any CPU.ActiveCfg = Debug|Any CPU
		{95A4909B-25E9-4CFD-9135-220A3B620164}.Debug|Any CPU.Build.0 = Debug|Any CPU
		{95A4909B-25E9-4CFD-9135-220A3B620164}.Debug|iPhone.ActiveCfg = Debug|Any CPU
		{95A4909B-25E9-4CFD-9135-220A3B620164}.Debug|iPhone.Build.0 = Debug|Any CPU
		{95A4909B-25E9-4CFD-9135-220A3B620164}.Debug|iPhoneSimulator.ActiveCfg = Debug|Any CPU
		{95A4909B-25E9-4CFD-9135-220A3B620164}.Debug|iPhoneSimulator.Build.0 = Debug|Any CPU
		{95A4909B-25E9-4CFD-9135-220A3B620164}.Debug|x64.ActiveCfg = Debug|Any CPU
		{95A4909B-25E9-4CFD-9135-220A3B620164}.Debug|x64.Build.0 = Debug|Any CPU
		{95A4909B-25E9-4CFD-9135-220A3B620164}.Debug|x86.ActiveCfg = Debug|Any CPU
		{95A4909B-25E9-4CFD-9135-220A3B620164}.Debug|x86.Build.0 = Debug|Any CPU
		{95A4909B-25E9-4CFD-9135-220A3B620164}.Release|Any CPU.ActiveCfg = Release|Any CPU
		{95A4909B-25E9-4CFD-9135-220A3B620164}.Release|Any CPU.Build.0 = Release|Any CPU
		{95A4909B-25E9-4CFD-9135-220A3B620164}.Release|iPhone.ActiveCfg = Release|Any CPU
		{95A4909B-25E9-4CFD-9135-220A3B620164}.Release|iPhone.Build.0 = Release|Any CPU
		{95A4909B-25E9-4CFD-9135-220A3B620164}.Release|iPhoneSimulator.ActiveCfg = Release|Any CPU
		{95A4909B-25E9-4CFD-9135-220A3B620164}.Release|iPhoneSimulator.Build.0 = Release|Any CPU
		{95A4909B-25E9-4CFD-9135-220A3B620164}.Release|x64.ActiveCfg = Release|Any CPU
		{95A4909B-25E9-4CFD-9135-220A3B620164}.Release|x64.Build.0 = Release|Any CPU
		{95A4909B-25E9-4CFD-9135-220A3B620164}.Release|x86.ActiveCfg = Release|Any CPU
		{95A4909B-25E9-4CFD-9135-220A3B620164}.Release|x86.Build.0 = Release|Any CPU
		{394E1632-7CD7-4817-9B92-04237AB9DD38}.Ad-Hoc|Any CPU.ActiveCfg = Debug|Any CPU
		{394E1632-7CD7-4817-9B92-04237AB9DD38}.Ad-Hoc|Any CPU.Build.0 = Debug|Any CPU
		{394E1632-7CD7-4817-9B92-04237AB9DD38}.Ad-Hoc|iPhone.ActiveCfg = Debug|Any CPU
		{394E1632-7CD7-4817-9B92-04237AB9DD38}.Ad-Hoc|iPhone.Build.0 = Debug|Any CPU
		{394E1632-7CD7-4817-9B92-04237AB9DD38}.Ad-Hoc|iPhoneSimulator.ActiveCfg = Debug|Any CPU
		{394E1632-7CD7-4817-9B92-04237AB9DD38}.Ad-Hoc|iPhoneSimulator.Build.0 = Debug|Any CPU
		{394E1632-7CD7-4817-9B92-04237AB9DD38}.Ad-Hoc|x64.ActiveCfg = Debug|Any CPU
		{394E1632-7CD7-4817-9B92-04237AB9DD38}.Ad-Hoc|x64.Build.0 = Debug|Any CPU
		{394E1632-7CD7-4817-9B92-04237AB9DD38}.Ad-Hoc|x86.ActiveCfg = Debug|Any CPU
		{394E1632-7CD7-4817-9B92-04237AB9DD38}.Ad-Hoc|x86.Build.0 = Debug|Any CPU
		{394E1632-7CD7-4817-9B92-04237AB9DD38}.AppStore|Any CPU.ActiveCfg = Debug|Any CPU
		{394E1632-7CD7-4817-9B92-04237AB9DD38}.AppStore|Any CPU.Build.0 = Debug|Any CPU
		{394E1632-7CD7-4817-9B92-04237AB9DD38}.AppStore|iPhone.ActiveCfg = Debug|Any CPU
		{394E1632-7CD7-4817-9B92-04237AB9DD38}.AppStore|iPhone.Build.0 = Debug|Any CPU
		{394E1632-7CD7-4817-9B92-04237AB9DD38}.AppStore|iPhoneSimulator.ActiveCfg = Debug|Any CPU
		{394E1632-7CD7-4817-9B92-04237AB9DD38}.AppStore|iPhoneSimulator.Build.0 = Debug|Any CPU
		{394E1632-7CD7-4817-9B92-04237AB9DD38}.AppStore|x64.ActiveCfg = Debug|Any CPU
		{394E1632-7CD7-4817-9B92-04237AB9DD38}.AppStore|x64.Build.0 = Debug|Any CPU
		{394E1632-7CD7-4817-9B92-04237AB9DD38}.AppStore|x86.ActiveCfg = Debug|Any CPU
		{394E1632-7CD7-4817-9B92-04237AB9DD38}.AppStore|x86.Build.0 = Debug|Any CPU
		{394E1632-7CD7-4817-9B92-04237AB9DD38}.Debug|Any CPU.ActiveCfg = Debug|Any CPU
		{394E1632-7CD7-4817-9B92-04237AB9DD38}.Debug|Any CPU.Build.0 = Debug|Any CPU
		{394E1632-7CD7-4817-9B92-04237AB9DD38}.Debug|iPhone.ActiveCfg = Debug|Any CPU
		{394E1632-7CD7-4817-9B92-04237AB9DD38}.Debug|iPhone.Build.0 = Debug|Any CPU
		{394E1632-7CD7-4817-9B92-04237AB9DD38}.Debug|iPhoneSimulator.ActiveCfg = Debug|Any CPU
		{394E1632-7CD7-4817-9B92-04237AB9DD38}.Debug|iPhoneSimulator.Build.0 = Debug|Any CPU
		{394E1632-7CD7-4817-9B92-04237AB9DD38}.Debug|x64.ActiveCfg = Debug|Any CPU
		{394E1632-7CD7-4817-9B92-04237AB9DD38}.Debug|x64.Build.0 = Debug|Any CPU
		{394E1632-7CD7-4817-9B92-04237AB9DD38}.Debug|x86.ActiveCfg = Debug|Any CPU
		{394E1632-7CD7-4817-9B92-04237AB9DD38}.Debug|x86.Build.0 = Debug|Any CPU
		{394E1632-7CD7-4817-9B92-04237AB9DD38}.Release|Any CPU.ActiveCfg = Release|Any CPU
		{394E1632-7CD7-4817-9B92-04237AB9DD38}.Release|Any CPU.Build.0 = Release|Any CPU
		{394E1632-7CD7-4817-9B92-04237AB9DD38}.Release|iPhone.ActiveCfg = Release|Any CPU
		{394E1632-7CD7-4817-9B92-04237AB9DD38}.Release|iPhone.Build.0 = Release|Any CPU
		{394E1632-7CD7-4817-9B92-04237AB9DD38}.Release|iPhoneSimulator.ActiveCfg = Release|Any CPU
		{394E1632-7CD7-4817-9B92-04237AB9DD38}.Release|iPhoneSimulator.Build.0 = Release|Any CPU
		{394E1632-7CD7-4817-9B92-04237AB9DD38}.Release|x64.ActiveCfg = Release|Any CPU
		{394E1632-7CD7-4817-9B92-04237AB9DD38}.Release|x64.Build.0 = Release|Any CPU
		{394E1632-7CD7-4817-9B92-04237AB9DD38}.Release|x86.ActiveCfg = Release|Any CPU
		{394E1632-7CD7-4817-9B92-04237AB9DD38}.Release|x86.Build.0 = Release|Any CPU
	EndGlobalSection
	GlobalSection(SolutionProperties) = preSolution
		HideSolutionNode = FALSE
	EndGlobalSection
	GlobalSection(NestedProjects) = preSolution
		{EAC3C344-71E1-4074-8010-F09D0DAECC0C} = {D163CAFA-8F4A-459A-9C51-CF0DCE189594}
		{5A2F2342-2067-4594-BA11-2AE38DD1090F} = {D163CAFA-8F4A-459A-9C51-CF0DCE189594}
		{26B416C9-0C3A-48F5-AB77-1A5552B4275D} = {9022567E-A640-418D-9BDF-A0273DA375AF}
		{7DD00572-D662-4E61-AF08-F9FFDED3919A} = {9022567E-A640-418D-9BDF-A0273DA375AF}
		{5AF11594-811E-4872-BD53-BF9651B4F1C0} = {9022567E-A640-418D-9BDF-A0273DA375AF}
		{95A4909B-25E9-4CFD-9135-220A3B620164} = {9022567E-A640-418D-9BDF-A0273DA375AF}
		{9022567E-A640-418D-9BDF-A0273DA375AF} = {018779D8-8CF7-4A99-BF28-CF823523A944}
		{394E1632-7CD7-4817-9B92-04237AB9DD38} = {018779D8-8CF7-4A99-BF28-CF823523A944}
	EndGlobalSection
	GlobalSection(ExtensibilityGlobals) = postSolution
		SolutionGuid = {C13382D8-DB17-4226-A8D1-32DA423E5488}
	EndGlobalSection
EndGlobal
